// !$*UTF8*$!
{
	archiveVersion = 1;
	classes = {
	};
	objectVersion = 56;
	objects = {

/* Begin PBXBuildFile section */
		310C782A2B026BD40001321E /* AppDelegate.swift in Sources */ = {isa = PBXBuildFile; fileRef = 310C78292B026BD40001321E /* AppDelegate.swift */; };
		310C782C2B026BD40001321E /* SceneDelegate.swift in Sources */ = {isa = PBXBuildFile; fileRef = 310C782B2B026BD40001321E /* SceneDelegate.swift */; };
		310C782E2B026BD40001321E /* ViewController.swift in Sources */ = {isa = PBXBuildFile; fileRef = 310C782D2B026BD40001321E /* ViewController.swift */; };
		310C78312B026BD40001321E /* Main.storyboard in Resources */ = {isa = PBXBuildFile; fileRef = 310C782F2B026BD40001321E /* Main.storyboard */; };
		310C78332B026BD70001321E /* Assets.xcassets in Resources */ = {isa = PBXBuildFile; fileRef = 310C78322B026BD70001321E /* Assets.xcassets */; };
		310C78362B026BD70001321E /* LaunchScreen.storyboard in Resources */ = {isa = PBXBuildFile; fileRef = 310C78342B026BD70001321E /* LaunchScreen.storyboard */; };
		310C78412B026BD80001321E /* CalculadoraTests.swift in Sources */ = {isa = PBXBuildFile; fileRef = 310C78402B026BD80001321E /* CalculadoraTests.swift */; };
		310C784B2B026BD80001321E /* CalculadoraUITests.swift in Sources */ = {isa = PBXBuildFile; fileRef = 310C784A2B026BD80001321E /* CalculadoraUITests.swift */; };
		310C784D2B026BD80001321E /* CalculadoraUITestsLaunchTests.swift in Sources */ = {isa = PBXBuildFile; fileRef = 310C784C2B026BD80001321E /* CalculadoraUITestsLaunchTests.swift */; };
		31C18C232B02A5CA00E3C689 /* MainView.swift in Sources */ = {isa = PBXBuildFile; fileRef = 31C18C222B02A5CA00E3C689 /* MainView.swift */; };
/* End PBXBuildFile section */

/* Begin PBXContainerItemProxy section */
		310C783D2B026BD80001321E /* PBXContainerItemProxy */ = {
			isa = PBXContainerItemProxy;
			containerPortal = 310C781E2B026BD40001321E /* Project object */;
			proxyType = 1;
			remoteGlobalIDString = 310C78252B026BD40001321E;
			remoteInfo = Calculadora;
		};
		310C78472B026BD80001321E /* PBXContainerItemProxy */ = {
			isa = PBXContainerItemProxy;
			containerPortal = 310C781E2B026BD40001321E /* Project object */;
			proxyType = 1;
			remoteGlobalIDString = 310C78252B026BD40001321E;
			remoteInfo = Calculadora;
		};
/* End PBXContainerItemProxy section */

/* Begin PBXFileReference section */
		310C78262B026BD40001321E /* Calculadora.app */ = {isa = PBXFileReference; explicitFileType = wrapper.application; includeInIndex = 0; path = Calculadora.app; sourceTree = BUILT_PRODUCTS_DIR; };
		310C78292B026BD40001321E /* AppDelegate.swift */ = {isa = PBXFileReference; lastKnownFileType = sourcecode.swift; path = AppDelegate.swift; sourceTree = "<group>"; };
		310C782B2B026BD40001321E /* SceneDelegate.swift */ = {isa = PBXFileReference; lastKnownFileType = sourcecode.swift; path = SceneDelegate.swift; sourceTree = "<group>"; };
		310C782D2B026BD40001321E /* ViewController.swift */ = {isa = PBXFileReference; lastKnownFileType = sourcecode.swift; path = ViewController.swift; sourceTree = "<group>"; };
		310C78302B026BD40001321E /* Base */ = {isa = PBXFileReference; lastKnownFileType = file.storyboard; name = Base; path = Base.lproj/Main.storyboard; sourceTree = "<group>"; };
		310C78322B026BD70001321E /* Assets.xcassets */ = {isa = PBXFileReference; lastKnownFileType = folder.assetcatalog; path = Assets.xcassets; sourceTree = "<group>"; };
		310C78352B026BD70001321E /* Base */ = {isa = PBXFileReference; lastKnownFileType = file.storyboard; name = Base; path = Base.lproj/LaunchScreen.storyboard; sourceTree = "<group>"; };
		310C78372B026BD70001321E /* Info.plist */ = {isa = PBXFileReference; lastKnownFileType = text.plist.xml; path = Info.plist; sourceTree = "<group>"; };
		310C783C2B026BD80001321E /* CalculadoraTests.xctest */ = {isa = PBXFileReference; explicitFileType = wrapper.cfbundle; includeInIndex = 0; path = CalculadoraTests.xctest; sourceTree = BUILT_PRODUCTS_DIR; };
		310C78402B026BD80001321E /* CalculadoraTests.swift */ = {isa = PBXFileReference; lastKnownFileType = sourcecode.swift; path = CalculadoraTests.swift; sourceTree = "<group>"; };
		310C78462B026BD80001321E /* CalculadoraUITests.xctest */ = {isa = PBXFileReference; explicitFileType = wrapper.cfbundle; includeInIndex = 0; path = CalculadoraUITests.xctest; sourceTree = BUILT_PRODUCTS_DIR; };
		310C784A2B026BD80001321E /* CalculadoraUITests.swift */ = {isa = PBXFileReference; lastKnownFileType = sourcecode.swift; path = CalculadoraUITests.swift; sourceTree = "<group>"; };
		310C784C2B026BD80001321E /* CalculadoraUITestsLaunchTests.swift */ = {isa = PBXFileReference; lastKnownFileType = sourcecode.swift; path = CalculadoraUITestsLaunchTests.swift; sourceTree = "<group>"; };
		31C18C222B02A5CA00E3C689 /* MainView.swift */ = {isa = PBXFileReference; lastKnownFileType = sourcecode.swift; path = MainView.swift; sourceTree = "<group>"; };
/* End PBXFileReference section */

/* Begin PBXFrameworksBuildPhase section */
		310C78232B026BD40001321E /* Frameworks */ = {
			isa = PBXFrameworksBuildPhase;
			buildActionMask = 2147483647;
			files = (
			);
			runOnlyForDeploymentPostprocessing = 0;
		};
		310C78392B026BD80001321E /* Frameworks */ = {
			isa = PBXFrameworksBuildPhase;
			buildActionMask = 2147483647;
			files = (
			);
			runOnlyForDeploymentPostprocessing = 0;
		};
		310C78432B026BD80001321E /* Frameworks */ = {
			isa = PBXFrameworksBuildPhase;
			buildActionMask = 2147483647;
			files = (
			);
			runOnlyForDeploymentPostprocessing = 0;
		};
/* End PBXFrameworksBuildPhase section */

/* Begin PBXGroup section */
		310C781D2B026BD40001321E = {
			isa = PBXGroup;
			children = (
				310C78282B026BD40001321E /* Calculadora */,
				310C783F2B026BD80001321E /* CalculadoraTests */,
				310C78492B026BD80001321E /* CalculadoraUITests */,
				310C78272B026BD40001321E /* Products */,
			);
			sourceTree = "<group>";
		};
		310C78272B026BD40001321E /* Products */ = {
			isa = PBXGroup;
			children = (
				310C78262B026BD40001321E /* Calculadora.app */,
				310C783C2B026BD80001321E /* CalculadoraTests.xctest */,
				310C78462B026BD80001321E /* CalculadoraUITests.xctest */,
			);
			name = Products;
			sourceTree = "<group>";
		};
		310C78282B026BD40001321E /* Calculadora */ = {
			isa = PBXGroup;
			children = (
				310C78292B026BD40001321E /* AppDelegate.swift */,
				310C782B2B026BD40001321E /* SceneDelegate.swift */,
				310C782D2B026BD40001321E /* ViewController.swift */,
				310C782F2B026BD40001321E /* Main.storyboard */,
				310C78322B026BD70001321E /* Assets.xcassets */,
				310C78342B026BD70001321E /* LaunchScreen.storyboard */,
				310C78372B026BD70001321E /* Info.plist */,
				31C18C222B02A5CA00E3C689 /* MainView.swift */,
			);
			path = Calculadora;
			sourceTree = "<group>";
		};
		310C783F2B026BD80001321E /* CalculadoraTests */ = {
			isa = PBXGroup;
			children = (
				310C78402B026BD80001321E /* CalculadoraTests.swift */,
			);
			path = CalculadoraTests;
			sourceTree = "<group>";
		};
		310C78492B026BD80001321E /* CalculadoraUITests */ = {
			isa = PBXGroup;
			children = (
				310C784A2B026BD80001321E /* CalculadoraUITests.swift */,
				310C784C2B026BD80001321E /* CalculadoraUITestsLaunchTests.swift */,
			);
			path = CalculadoraUITests;
			sourceTree = "<group>";
		};
/* End PBXGroup section */

/* Begin PBXNativeTarget section */
		310C78252B026BD40001321E /* Calculadora */ = {
			isa = PBXNativeTarget;
			buildConfigurationList = 310C78502B026BD80001321E /* Build configuration list for PBXNativeTarget "Calculadora" */;
			buildPhases = (
				310C78222B026BD40001321E /* Sources */,
				310C78232B026BD40001321E /* Frameworks */,
				310C78242B026BD40001321E /* Resources */,
			);
			buildRules = (
			);
			dependencies = (
			);
			name = Calculadora;
			productName = Calculadora;
			productReference = 310C78262B026BD40001321E /* Calculadora.app */;
			productType = "com.apple.product-type.application";
		};
		310C783B2B026BD80001321E /* CalculadoraTests */ = {
			isa = PBXNativeTarget;
			buildConfigurationList = 310C78532B026BD80001321E /* Build configuration list for PBXNativeTarget "CalculadoraTests" */;
			buildPhases = (
				310C78382B026BD80001321E /* Sources */,
				310C78392B026BD80001321E /* Frameworks */,
				310C783A2B026BD80001321E /* Resources */,
			);
			buildRules = (
			);
			dependencies = (
				310C783E2B026BD80001321E /* PBXTargetDependency */,
			);
			name = CalculadoraTests;
			productName = CalculadoraTests;
			productReference = 310C783C2B026BD80001321E /* CalculadoraTests.xctest */;
			productType = "com.apple.product-type.bundle.unit-test";
		};
		310C78452B026BD80001321E /* CalculadoraUITests */ = {
			isa = PBXNativeTarget;
			buildConfigurationList = 310C78562B026BD80001321E /* Build configuration list for PBXNativeTarget "CalculadoraUITests" */;
			buildPhases = (
				310C78422B026BD80001321E /* Sources */,
				310C78432B026BD80001321E /* Frameworks */,
				310C78442B026BD80001321E /* Resources */,
			);
			buildRules = (
			);
			dependencies = (
				310C78482B026BD80001321E /* PBXTargetDependency */,
			);
			name = CalculadoraUITests;
			productName = CalculadoraUITests;
			productReference = 310C78462B026BD80001321E /* CalculadoraUITests.xctest */;
			productType = "com.apple.product-type.bundle.ui-testing";
		};
/* End PBXNativeTarget section */

/* Begin PBXProject section */
		310C781E2B026BD40001321E /* Project object */ = {
			isa = PBXProject;
			attributes = {
				BuildIndependentTargetsInParallel = 1;
				LastSwiftUpdateCheck = 1420;
				LastUpgradeCheck = 1420;
				TargetAttributes = {
					310C78252B026BD40001321E = {
						CreatedOnToolsVersion = 14.2;
					};
					310C783B2B026BD80001321E = {
						CreatedOnToolsVersion = 14.2;
						TestTargetID = 310C78252B026BD40001321E;
					};
					310C78452B026BD80001321E = {
						CreatedOnToolsVersion = 14.2;
						TestTargetID = 310C78252B026BD40001321E;
					};
				};
			};
			buildConfigurationList = 310C78212B026BD40001321E /* Build configuration list for PBXProject "Calculadora" */;
			compatibilityVersion = "Xcode 14.0";
			developmentRegion = en;
			hasScannedForEncodings = 0;
			knownRegions = (
				en,
				Base,
			);
			mainGroup = 310C781D2B026BD40001321E;
			productRefGroup = 310C78272B026BD40001321E /* Products */;
			projectDirPath = "";
			projectRoot = "";
			targets = (
				310C78252B026BD40001321E /* Calculadora */,
				310C783B2B026BD80001321E /* CalculadoraTests */,
				310C78452B026BD80001321E /* CalculadoraUITests */,
			);
		};
/* End PBXProject section */

/* Begin PBXResourcesBuildPhase section */
		310C78242B026BD40001321E /* Resources */ = {
			isa = PBXResourcesBuildPhase;
			buildActionMask = 2147483647;
			files = (
				310C78362B026BD70001321E /* LaunchScreen.storyboard in Resources */,
				310C78332B026BD70001321E /* Assets.xcassets in Resources */,
				310C78312B026BD40001321E /* Main.storyboard in Resources */,
			);
			runOnlyForDeploymentPostprocessing = 0;
		};
		310C783A2B026BD80001321E /* Resources */ = {
			isa = PBXResourcesBuildPhase;
			buildActionMask = 2147483647;
			files = (
			);
			runOnlyForDeploymentPostprocessing = 0;
		};
		310C78442B026BD80001321E /* Resources */ = {
			isa = PBXResourcesBuildPhase;
			buildActionMask = 2147483647;
			files = (
			);
			runOnlyForDeploymentPostprocessing = 0;
		};
/* End PBXResourcesBuildPhase section */

/* Begin PBXSourcesBuildPhase section */
		310C78222B026BD40001321E /* Sources */ = {
			isa = PBXSourcesBuildPhase;
			buildActionMask = 2147483647;
			files = (
				310C782E2B026BD40001321E /* ViewController.swift in Sources */,
				31C18C232B02A5CA00E3C689 /* MainView.swift in Sources */,
				310C782A2B026BD40001321E /* AppDelegate.swift in Sources */,
				310C782C2B026BD40001321E /* SceneDelegate.swift in Sources */,
			);
			runOnlyForDeploymentPostprocessing = 0;
		};
		310C78382B026BD80001321E /* Sources */ = {
			isa = PBXSourcesBuildPhase;
			buildActionMask = 2147483647;
			files = (
				310C78412B026BD80001321E /* CalculadoraTests.swift in Sources */,
			);
			runOnlyForDeploymentPostprocessing = 0;
		};
		310C78422B026BD80001321E /* Sources */ = {
			isa = PBXSourcesBuildPhase;
			buildActionMask = 2147483647;
			files = (
				310C784D2B026BD80001321E /* CalculadoraUITestsLaunchTests.swift in Sources */,
				310C784B2B026BD80001321E /* CalculadoraUITests.swift in Sources */,
			);
			runOnlyForDeploymentPostprocessing = 0;
		};
/* End PBXSourcesBuildPhase section */

/* Begin PBXTargetDependency section */
		310C783E2B026BD80001321E /* PBXTargetDependency */ = {
			isa = PBXTargetDependency;
			target = 310C78252B026BD40001321E /* Calculadora */;
			targetProxy = 310C783D2B026BD80001321E /* PBXContainerItemProxy */;
		};
		310C78482B026BD80001321E /* PBXTargetDependency */ = {
			isa = PBXTargetDependency;
			target = 310C78252B026BD40001321E /* Calculadora */;
			targetProxy = 310C78472B026BD80001321E /* PBXContainerItemProxy */;
		};
/* End PBXTargetDependency section */

/* Begin PBXVariantGroup section */
		310C782F2B026BD40001321E /* Main.storyboard */ = {
			isa = PBXVariantGroup;
			children = (
				310C78302B026BD40001321E /* Base */,
			);
			name = Main.storyboard;
			sourceTree = "<group>";
		};
		310C78342B026BD70001321E /* LaunchScreen.storyboard */ = {
			isa = PBXVariantGroup;
			children = (
				310C78352B026BD70001321E /* Base */,
			);
			name = LaunchScreen.storyboard;
			sourceTree = "<group>";
		};
/* End PBXVariantGroup section */

/* Begin XCBuildConfiguration section */
		310C784E2B026BD80001321E /* Debug */ = {
			isa = XCBuildConfiguration;
			buildSettings = {
				ALWAYS_SEARCH_USER_PATHS = NO;
				CLANG_ANALYZER_NONNULL = YES;
				CLANG_ANALYZER_NUMBER_OBJECT_CONVERSION = YES_AGGRESSIVE;
				CLANG_CXX_LANGUAGE_STANDARD = "gnu++20";
				CLANG_ENABLE_MODULES = YES;
				CLANG_ENABLE_OBJC_ARC = YES;
				CLANG_ENABLE_OBJC_WEAK = YES;
				CLANG_WARN_BLOCK_CAPTURE_AUTORELEASING = YES;
				CLANG_WARN_BOOL_CONVERSION = YES;
				CLANG_WARN_COMMA = YES;
				CLANG_WARN_CONSTANT_CONVERSION = YES;
				CLANG_WARN_DEPRECATED_OBJC_IMPLEMENTATIONS = YES;
				CLANG_WARN_DIRECT_OBJC_ISA_USAGE = YES_ERROR;
				CLANG_WARN_DOCUMENTATION_COMMENTS = YES;
				CLANG_WARN_EMPTY_BODY = YES;
				CLANG_WARN_ENUM_CONVERSION = YES;
				CLANG_WARN_INFINITE_RECURSION = YES;
				CLANG_WARN_INT_CONVERSION = YES;
				CLANG_WARN_NON_LITERAL_NULL_CONVERSION = YES;
				CLANG_WARN_OBJC_IMPLICIT_RETAIN_SELF = YES;
				CLANG_WARN_OBJC_LITERAL_CONVERSION = YES;
				CLANG_WARN_OBJC_ROOT_CLASS = YES_ERROR;
				CLANG_WARN_QUOTED_INCLUDE_IN_FRAMEWORK_HEADER = YES;
				CLANG_WARN_RANGE_LOOP_ANALYSIS = YES;
				CLANG_WARN_STRICT_PROTOTYPES = YES;
				CLANG_WARN_SUSPICIOUS_MOVE = YES;
				CLANG_WARN_UNGUARDED_AVAILABILITY = YES_AGGRESSIVE;
				CLANG_WARN_UNREACHABLE_CODE = YES;
				CLANG_WARN__DUPLICATE_METHOD_MATCH = YES;
				COPY_PHASE_STRIP = NO;
				DEBUG_INFORMATION_FORMAT = dwarf;
				ENABLE_STRICT_OBJC_MSGSEND = YES;
				ENABLE_TESTABILITY = YES;
				GCC_C_LANGUAGE_STANDARD = gnu11;
				GCC_DYNAMIC_NO_PIC = NO;
				GCC_NO_COMMON_BLOCKS = YES;
				GCC_OPTIMIZATION_LEVEL = 0;
				GCC_PREPROCESSOR_DEFINITIONS = (
					"DEBUG=1",
					"$(inherited)",
				);
				GCC_WARN_64_TO_32_BIT_CONVERSION = YES;
				GCC_WARN_ABOUT_RETURN_TYPE = YES_ERROR;
				GCC_WARN_UNDECLARED_SELECTOR = YES;
				GCC_WARN_UNINITIALIZED_AUTOS = YES_AGGRESSIVE;
				GCC_WARN_UNUSED_FUNCTION = YES;
				GCC_WARN_UNUSED_VARIABLE = YES;
				IPHONEOS_DEPLOYMENT_TARGET = 16.2;
				MTL_ENABLE_DEBUG_INFO = INCLUDE_SOURCE;
				MTL_FAST_MATH = YES;
				ONLY_ACTIVE_ARCH = YES;
				SDKROOT = iphoneos;
				SWIFT_ACTIVE_COMPILATION_CONDITIONS = DEBUG;
				SWIFT_OPTIMIZATION_LEVEL = "-Onone";
			};
			name = Debug;
		};
		310C784F2B026BD80001321E /* Release */ = {
			isa = XCBuildConfiguration;
			buildSettings = {
				ALWAYS_SEARCH_USER_PATHS = NO;
				CLANG_ANALYZER_NONNULL = YES;
				CLANG_ANALYZER_NUMBER_OBJECT_CONVERSION = YES_AGGRESSIVE;
				CLANG_CXX_LANGUAGE_STANDARD = "gnu++20";
				CLANG_ENABLE_MODULES = YES;
				CLANG_ENABLE_OBJC_ARC = YES;
				CLANG_ENABLE_OBJC_WEAK = YES;
				CLANG_WARN_BLOCK_CAPTURE_AUTORELEASING = YES;
				CLANG_WARN_BOOL_CONVERSION = YES;
				CLANG_WARN_COMMA = YES;
				CLANG_WARN_CONSTANT_CONVERSION = YES;
				CLANG_WARN_DEPRECATED_OBJC_IMPLEMENTATIONS = YES;
				CLANG_WARN_DIRECT_OBJC_ISA_USAGE = YES_ERROR;
				CLANG_WARN_DOCUMENTATION_COMMENTS = YES;
				CLANG_WARN_EMPTY_BODY = YES;
				CLANG_WARN_ENUM_CONVERSION = YES;
				CLANG_WARN_INFINITE_RECURSION = YES;
				CLANG_WARN_INT_CONVERSION = YES;
				CLANG_WARN_NON_LITERAL_NULL_CONVERSION = YES;
				CLANG_WARN_OBJC_IMPLICIT_RETAIN_SELF = YES;
				CLANG_WARN_OBJC_LITERAL_CONVERSION = YES;
				CLANG_WARN_OBJC_ROOT_CLASS = YES_ERROR;
				CLANG_WARN_QUOTED_INCLUDE_IN_FRAMEWORK_HEADER = YES;
				CLANG_WARN_RANGE_LOOP_ANALYSIS = YES;
				CLANG_WARN_STRICT_PROTOTYPES = YES;
				CLANG_WARN_SUSPICIOUS_MOVE = YES;
				CLANG_WARN_UNGUARDED_AVAILABILITY = YES_AGGRESSIVE;
				CLANG_WARN_UNREACHABLE_CODE = YES;
				CLANG_WARN__DUPLICATE_METHOD_MATCH = YES;
				COPY_PHASE_STRIP = NO;
				DEBUG_INFORMATION_FORMAT = "dwarf-with-dsym";
				ENABLE_NS_ASSERTIONS = NO;
				ENABLE_STRICT_OBJC_MSGSEND = YES;
				GCC_C_LANGUAGE_STANDARD = gnu11;
				GCC_NO_COMMON_BLOCKS = YES;
				GCC_WARN_64_TO_32_BIT_CONVERSION = YES;
				GCC_WARN_ABOUT_RETURN_TYPE = YES_ERROR;
				GCC_WARN_UNDECLARED_SELECTOR = YES;
				GCC_WARN_UNINITIALIZED_AUTOS = YES_AGGRESSIVE;
				GCC_WARN_UNUSED_FUNCTION = YES;
				GCC_WARN_UNUSED_VARIABLE = YES;
				IPHONEOS_DEPLOYMENT_TARGET = 16.2;
				MTL_ENABLE_DEBUG_INFO = NO;
				MTL_FAST_MATH = YES;
				SDKROOT = iphoneos;
				SWIFT_COMPILATION_MODE = wholemodule;
				SWIFT_OPTIMIZATION_LEVEL = "-O";
				VALIDATE_PRODUCT = YES;
			};
			name = Release;
		};
		310C78512B026BD80001321E /* Debug */ = {
			isa = XCBuildConfiguration;
			buildSettings = {
				ASSETCATALOG_COMPILER_APPICON_NAME = AppIcon;
				ASSETCATALOG_COMPILER_GLOBAL_ACCENT_COLOR_NAME = AccentColor;
				CODE_SIGN_STYLE = Automatic;
				CURRENT_PROJECT_VERSION = 1;
				GENERATE_INFOPLIST_FILE = YES;
				INFOPLIST_FILE = Calculadora/Info.plist;
				INFOPLIST_KEY_UIApplicationSupportsIndirectInputEvents = YES;
				INFOPLIST_KEY_UILaunchStoryboardName = LaunchScreen;
				INFOPLIST_KEY_UIMainStoryboardFile = Main;
				INFOPLIST_KEY_UISupportedInterfaceOrientations_iPad = "UIInterfaceOrientationPortrait UIInterfaceOrientationPortraitUpsideDown UIInterfaceOrientationLandscapeLeft UIInterfaceOrientationLandscapeRight";
				INFOPLIST_KEY_UISupportedInterfaceOrientations_iPhone = "UIInterfaceOrientationPortrait UIInterfaceOrientationLandscapeLeft UIInterfaceOrientationLandscapeRight";
				LD_RUNPATH_SEARCH_PATHS = (
					"$(inherited)",
					"@executable_path/Frameworks",
				);
				MARKETING_VERSION = 1.0;
				PRODUCT_BUNDLE_IDENTIFIER = estratecc.Calculadora;
				PRODUCT_NAME = "$(TARGET_NAME)";
				SWIFT_EMIT_LOC_STRINGS = YES;
				SWIFT_VERSION = 5.0;
				TARGETED_DEVICE_FAMILY = "1,2";
			};
			name = Debug;
		};
		310C78522B026BD80001321E /* Release */ = {
			isa = XCBuildConfiguration;
			buildSettings = {
				ASSETCATALOG_COMPILER_APPICON_NAME = AppIcon;
				ASSETCATALOG_COMPILER_GLOBAL_ACCENT_COLOR_NAME = AccentColor;
				CODE_SIGN_STYLE = Automatic;
				CURRENT_PROJECT_VERSION = 1;
				GENERATE_INFOPLIST_FILE = YES;
				INFOPLIST_FILE = Calculadora/Info.plist;
				INFOPLIST_KEY_UIApplicationSupportsIndirectInputEvents = YES;
				INFOPLIST_KEY_UILaunchStoryboardName = LaunchScreen;
				INFOPLIST_KEY_UIMainStoryboardFile = Main;
				INFOPLIST_KEY_UISupportedInterfaceOrientations_iPad = "UIInterfaceOrientationPortrait UIInterfaceOrientationPortraitUpsideDown UIInterfaceOrientationLandscapeLeft UIInterfaceOrientationLandscapeRight";
				INFOPLIST_KEY_UISupportedInterfaceOrientations_iPhone = "UIInterfaceOrientationPortrait UIInterfaceOrientationLandscapeLeft UIInterfaceOrientationLandscapeRight";
				LD_RUNPATH_SEARCH_PATHS = (
					"$(inherited)",
					"@executable_path/Frameworks",
				);
				MARKETING_VERSION = 1.0;
				PRODUCT_BUNDLE_IDENTIFIER = estratecc.Calculadora;
				PRODUCT_NAME = "$(TARGET_NAME)";
				SWIFT_EMIT_LOC_STRINGS = YES;
				SWIFT_VERSION = 5.0;
				TARGETED_DEVICE_FAMILY = "1,2";
			};
			name = Release;
		};
		310C78542B026BD80001321E /* Debug */ = {
			isa = XCBuildConfiguration;
			buildSettings = {
				ALWAYS_EMBED_SWIFT_STANDARD_LIBRARIES = YES;
				BUNDLE_LOADER = "$(TEST_HOST)";
				CODE_SIGN_STYLE = Automatic;
				CURRENT_PROJECT_VERSION = 1;
				GENERATE_INFOPLIST_FILE = YES;
				IPHONEOS_DEPLOYMENT_TARGET = 16.2;
				MARKETING_VERSION = 1.0;
				PRODUCT_BUNDLE_IDENTIFIER = estratecc.CalculadoraTests;
				PRODUCT_NAME = "$(TARGET_NAME)";
				SWIFT_EMIT_LOC_STRINGS = NO;
				SWIFT_VERSION = 5.0;
				TARGETED_DEVICE_FAMILY = "1,2";
				TEST_HOST = "$(BUILT_PRODUCTS_DIR)/Calculadora.app/$(BUNDLE_EXECUTABLE_FOLDER_PATH)/Calculadora";
			};
			name = Debug;
		};
		310C78552B026BD80001321E /* Release */ = {
			isa = XCBuildConfiguration;
			buildSettings = {
				ALWAYS_EMBED_SWIFT_STANDARD_LIBRARIES = YES;
				BUNDLE_LOADER = "$(TEST_HOST)";
				CODE_SIGN_STYLE = Automatic;
				CURRENT_PROJECT_VERSION = 1;
				GENERATE_INFOPLIST_FILE = YES;
				IPHONEOS_DEPLOYMENT_TARGET = 16.2;
				MARKETING_VERSION = 1.0;
				PRODUCT_BUNDLE_IDENTIFIER = estratecc.CalculadoraTests;
				PRODUCT_NAME = "$(TARGET_NAME)";
				SWIFT_EMIT_LOC_STRINGS = NO;
				SWIFT_VERSION = 5.0;
				TARGETED_DEVICE_FAMILY = "1,2";
				TEST_HOST = "$(BUILT_PRODUCTS_DIR)/Calculadora.app/$(BUNDLE_EXECUTABLE_FOLDER_PATH)/Calculadora";
			};
			name = Release;
		};
		310C78572B026BD80001321E /* Debug */ = {
			isa = XCBuildConfiguration;
			buildSettings = {
				ALWAYS_EMBED_SWIFT_STANDARD_LIBRARIES = YES;
				CODE_SIGN_STYLE = Automatic;
				CURRENT_PROJECT_VERSION = 1;
				GENERATE_INFOPLIST_FILE = YES;
				MARKETING_VERSION = 1.0;
				PRODUCT_BUNDLE_IDENTIFIER = estratecc.CalculadoraUITests;
				PRODUCT_NAME = "$(TARGET_NAME)";
				SWIFT_EMIT_LOC_STRINGS = NO;
				SWIFT_VERSION = 5.0;
				TARGETED_DEVICE_FAMILY = "1,2";
				TEST_TARGET_NAME = Calculadora;
			};
			name = Debug;
		};
		310C78582B026BD80001321E /* Release */ = {
			isa = XCBuildConfiguration;
			buildSettings = {
				ALWAYS_EMBED_SWIFT_STANDARD_LIBRARIES = YES;
				CODE_SIGN_STYLE = Automatic;
				CURRENT_PROJECT_VERSION = 1;
				GENERATE_INFOPLIST_FILE = YES;
				MARKETING_VERSION = 1.0;
				PRODUCT_BUNDLE_IDENTIFIER = estratecc.CalculadoraUITests;
				PRODUCT_NAME = "$(TARGET_NAME)";
				SWIFT_EMIT_LOC_STRINGS = NO;
				SWIFT_VERSION = 5.0;
				TARGETED_DEVICE_FAMILY = "1,2";
				TEST_TARGET_NAME = Calculadora;
			};
			name = Release;
		};
/* End XCBuildConfiguration section */

/* Begin XCConfigurationList section */
		310C78212B026BD40001321E /* Build configuration list for PBXProject "Calculadora" */ = {
			isa = XCConfigurationList;
			buildConfigurations = (
				310C784E2B026BD80001321E /* Debug */,
				310C784F2B026BD80001321E /* Release */,
			);
			defaultConfigurationIsVisible = 0;
			defaultConfigurationName = Release;
		};
		310C78502B026BD80001321E /* Build configuration list for PBXNativeTarget "Calculadora" */ = {
			isa = XCConfigurationList;
			buildConfigurations = (
				310C78512B026BD80001321E /* Debug */,
				310C78522B026BD80001321E /* Release */,
			);
			defaultConfigurationIsVisible = 0;
			defaultConfigurationName = Release;
		};
		310C78532B026BD80001321E /* Build configuration list for PBXNativeTarget "CalculadoraTests" */ = {
			isa = XCConfigurationList;
			buildConfigurations = (
				310C78542B026BD80001321E /* Debug */,
				310C78552B026BD80001321E /* Release */,
			);
			defaultConfigurationIsVisible = 0;
			defaultConfigurationName = Release;
		};
		310C78562B026BD80001321E /* Build configuration list for PBXNativeTarget "CalculadoraUITests" */ = {
			isa = XCConfigurationList;
			buildConfigurations = (
				310C78572B026BD80001321E /* Debug */,
				310C78582B026BD80001321E /* Release */,
			);
			defaultConfigurationIsVisible = 0;
			defaultConfigurationName = Release;
		};
/* End XCConfigurationList section */
	};
	rootObject = 310C781E2B026BD40001321E /* Project object */;
}
